Microsoft Visual Studio Solution File, Format Version 12.00
# Visual Studio Version 17
VisualStudioVersion = 17.4.33213.308
MinimumVisualStudioVersion = 10.0.40219.1
Project("{FAE04EC0-301F-11D3-BF4B-00C04F79EFBC}") = "FolderWatcherWindowsService.Common", "FolderWatcherWindowsService.Common\FolderWatcherWindowsService.Common.csproj", "{A1B2C3D4-E5F6-4789-A012-3456789ABCDE}"
EndProject
Project("{FAE04EC0-301F-11D3-BF4B-00C04F79EFBC}") = "FolderWatcherWindowsService", "FolderWatcherWindowsService\FolderWatcherWindowsService.csproj", "{4CCA1F0D-239F-4793-BE24-DC56F8149B29}"
EndProject
Project("{FAE04EC0-301F-11D3-BF4B-00C04F79EFBC}") = "FolderWatcherWindowsServiceAdmin", "FolderWatcherWindowsServiceAdmin\FolderWatcherWindowsServiceAdmin.csproj", "{45E347C5-0BFA-4AE1-BF41-2CD20EFF692C}"
EndProject
Project("{54435603-DBB4-11D2-8724-00A0C9A8B90C}") = "FolderWatcherWindowsServiceSetupFree", "FolderWatcherWindowsServiceSetupFree\FolderWatcherWindowsServiceSetupFree.vdproj", "{E9AC910D-CB9A-789A-4731-660AD3E8EB5E}"
EndProject
Global
	GlobalSection(SolutionConfigurationPlatforms) = preSolution
		Debug|Any CPU = Debug|Any CPU
		Release|Any CPU = Release|Any CPU
	EndGlobalSection
	GlobalSection(ProjectConfigurationPlatforms) = postSolution
		{A1B2C3D4-E5F6-4789-A012-3456789ABCDE}.Debug|Any CPU.ActiveCfg = Debug|Any CPU
		{A1B2C3D4-E5F6-4789-A012-3456789ABCDE}.Debug|Any CPU.Build.0 = Debug|Any CPU
		{A1B2C3D4-E5F6-4789-A012-3456789ABCDE}.Release|Any CPU.ActiveCfg = Release|Any CPU
		{A1B2C3D4-E5F6-4789-A012-3456789ABCDE}.Release|Any CPU.Build.0 = Release|Any CPU
		{4CCA1F0D-239F-4793-BE24-DC56F8149B29}.Debug|Any CPU.ActiveCfg = Debug|Any CPU
		{4CCA1F0D-239F-4793-BE24-DC56F8149B29}.Debug|Any CPU.Build.0 = Debug|Any CPU
		{4CCA1F0D-239F-4793-BE24-DC56F8149B29}.Release|Any CPU.ActiveCfg = Release|Any CPU
		{4CCA1F0D-239F-4793-BE24-DC56F8149B29}.Release|Any CPU.Build.0 = Release|Any CPU
		{45E347C5-0BFA-4AE1-BF41-2CD20EFF692C}.Debug|Any CPU.ActiveCfg = Debug|Any CPU
		{45E347C5-0BFA-4AE1-BF41-2CD20EFF692C}.Debug|Any CPU.Build.0 = Debug|Any CPU
		{45E347C5-0BFA-4AE1-BF41-2CD20EFF692C}.Release|Any CPU.ActiveCfg = Release|Any CPU
		{45E347C5-0BFA-4AE1-BF41-2CD20EFF692C}.Release|Any CPU.Build.0 = Release|Any CPU
		{E9AC910D-CB9A-789A-4731-660AD3E8EB5E}.Debug|Any CPU.ActiveCfg = Debug
		{E9AC910D-CB9A-789A-4731-660AD3E8EB5E}.Release|Any CPU.ActiveCfg = Release
	EndGlobalSection
	GlobalSection(SolutionProperties) = preSolution
		HideSolutionNode = FALSE
	EndGlobalSection
	GlobalSection(ExtensibilityGlobals) = postSolution
		SolutionGuid = {69567E38-FB72-45D6-B0C7-0472677F1899}
	EndGlobalSection
EndGlobal
